
Microsoft Visual Studio Solution File, Format Version 12.00
# Visual Studio Version 17
VisualStudioVersion = 17.2.32630.192
MinimumVisualStudioVersion = 10.0.40219.1
Project("{FAE04EC0-301F-11D3-BF4B-00C04F79EFBC}") = "SQL", "SQL\SQL.csproj", "{0A3EA6ED-FAA9-4B9A-A387-4FD7EF9E494F}"
EndProject
Global
	GlobalSection(SolutionConfigurationPlatforms) = preSolution
		Debug|Any CPU = Debug|Any CPU
		Release|Any CPU = Release|Any CPU
	EndGlobalSection
	GlobalSection(ProjectConfigurationPlatforms) = postSolution
		{0A3EA6ED-FAA9-4B9A-A387-4FD7EF9E494F}.Debug|Any CPU.ActiveCfg = Debug|Any CPU
		{0A3EA6ED-FAA9-4B9A-A387-4FD7EF9E494F}.Debug|Any CPU.Build.0 = Debug|Any CPU
		{0A3EA6ED-FAA9-4B9A-A387-4FD7EF9E494F}.Release|Any CPU.ActiveCfg = Release|Any CPU
		{0A3EA6ED-FAA9-4B9A-A387-4FD7EF9E494F}.Release|Any CPU.Build.0 = Release|Any CPU
	EndGlobalSection
	GlobalSection(SolutionProperties) = preSolution
		HideSolutionNode = FALSE
	EndGlobalSection
	GlobalSection(ExtensibilityGlobals) = postSolution
		SolutionGuid = {996B4A1E-8D09-4CC9-886E-AFD7E504A046}
	EndGlobalSection
EndGlobal
